{
  "version": 4,
  "terraform_version": "1.5.2",
  "serial": 14,
  "lineage": "d8662675-989e-8543-9a62-cce73beb83e5",
  "outputs": {
    "account_id": {
      "value": "776602941589",
      "type": "string"
    },
    "caller_arn": {
      "value": "arn:aws:iam::776602941589:root",
      "type": "string"
    },
    "caller_user": {
      "value": "776602941589",
      "type": "string"
    }
  },
  "resources": [
    {
      "mode": "data",
      "type": "aws_caller_identity",
      "name": "current",
      "provider": "provider[\"registry.terraform.io/hashicorp/aws\"]",
      "instances": [
        {
          "schema_version": 0,
          "attributes": {
            "account_id": "776602941589",
            "arn": "arn:aws:iam::776602941589:root",
            "id": "776602941589",
            "user_id": "776602941589"
          },
          "sensitive_attributes": []
        }
      ]
    },
    {
      "mode": "data",
      "type": "aws_iam_policy_document",
      "name": "admin",
      "provider": "provider[\"registry.terraform.io/hashicorp/aws\"]",
      "instances": [
        {
          "schema_version": 0,
          "attributes": {
            "id": "3558688848",
            "json": "{\n  \"Version\": \"2012-10-17\",\n  \"Statement\": [\n    {\n      \"Sid\": \"AllowAdmin\",\n      \"Effect\": \"Allow\",\n      \"Action\": \"*\",\n      \"Resource\": \"*\"\n    },\n    {\n      \"Sid\": \"AllowPassRole\",\n      \"Effect\": \"Allow\",\n      \"Action\": \"iam:PassRole\",\n      \"Resource\": \"*\",\n      \"Condition\": {\n        \"StringEquals\": {\n          \"iam:PassedToService\": \"eks:amazonaws.com\"\n        }\n      }\n    }\n  ]\n}",
            "override_json": null,
            "override_policy_documents": null,
            "policy_id": null,
            "source_json": null,
            "source_policy_documents": null,
            "statement": [
              {
                "actions": [
                  "*"
                ],
                "condition": [],
                "effect": "Allow",
                "not_actions": [],
                "not_principals": [],
                "not_resources": [],
                "principals": [],
                "resources": [
                  "*"
                ],
                "sid": "AllowAdmin"
              },
              {
                "actions": [
                  "iam:PassRole"
                ],
                "condition": [
                  {
                    "test": "StringEquals",
                    "values": [
                      "eks:amazonaws.com"
                    ],
                    "variable": "iam:PassedToService"
                  }
                ],
                "effect": "Allow",
                "not_actions": [],
                "not_principals": [],
                "not_resources": [],
                "principals": [],
                "resources": [
                  "*"
                ],
                "sid": "AllowPassRole"
              }
            ],
            "version": "2012-10-17"
          },
          "sensitive_attributes": []
        }
      ]
    },
    {
      "mode": "data",
      "type": "aws_iam_policy_document",
      "name": "developer",
      "provider": "provider[\"registry.terraform.io/hashicorp/aws\"]",
      "instances": [
        {
          "schema_version": 0,
          "attributes": {
            "id": "2309175967",
            "json": "{\n  \"Version\": \"2012-10-17\",\n  \"Statement\": [\n    {\n      \"Sid\": \"AllowDeveloper\",\n      \"Effect\": \"Allow\",\n      \"Action\": [\n        \"eks:ListUpdates\",\n        \"eks:ListNodegroups\",\n        \"eks:ListFargateProfiles\",\n        \"eks:ListCLusters\",\n        \"eks:GetParameter\",\n        \"eks:DescribeNodegroup\",\n        \"eks:DescribeCluster\",\n        \"eks:AccessKubernetesApi\"\n      ],\n      \"Resource\": \"*\"\n    }\n  ]\n}",
            "override_json": null,
            "override_policy_documents": null,
            "policy_id": null,
            "source_json": null,
            "source_policy_documents": null,
            "statement": [
              {
                "actions": [
                  "eks:AccessKubernetesApi",
                  "eks:DescribeCluster",
                  "eks:DescribeNodegroup",
                  "eks:GetParameter",
                  "eks:ListCLusters",
                  "eks:ListFargateProfiles",
                  "eks:ListNodegroups",
                  "eks:ListUpdates"
                ],
                "condition": [],
                "effect": "Allow",
                "not_actions": [],
                "not_principals": [],
                "not_resources": [],
                "principals": [],
                "resources": [
                  "*"
                ],
                "sid": "AllowDeveloper"
              }
            ],
            "version": "2012-10-17"
          },
          "sensitive_attributes": []
        }
      ]
    },
    {
      "mode": "data",
      "type": "aws_iam_policy_document",
      "name": "manager_assume_role",
      "provider": "provider[\"registry.terraform.io/hashicorp/aws\"]",
      "instances": [
        {
          "schema_version": 0,
          "attributes": {
            "id": "969698118",
            "json": "{\n  \"Version\": \"2012-10-17\",\n  \"Statement\": [\n    {\n      \"Sid\": \"AllowManagerAssumeRole\",\n      \"Effect\": \"Allow\",\n      \"Action\": \"sts:AssumeRole\",\n      \"Principal\": {\n        \"AWS\": \"arn:aws:iam::776602941589:user/manager\"\n      }\n    }\n  ]\n}",
            "override_json": null,
            "override_policy_documents": null,
            "policy_id": null,
            "source_json": null,
            "source_policy_documents": null,
            "statement": [
              {
                "actions": [
                  "sts:AssumeRole"
                ],
                "condition": [],
                "effect": "Allow",
                "not_actions": [],
                "not_principals": [],
                "not_resources": [],
                "principals": [
                  {
                    "identifiers": [
                      "arn:aws:iam::776602941589:user/manager"
                    ],
                    "type": "AWS"
                  }
                ],
                "resources": [],
                "sid": "AllowManagerAssumeRole"
              }
            ],
            "version": "2012-10-17"
          },
          "sensitive_attributes": []
        }
      ]
    },
    {
      "mode": "managed",
      "type": "aws_iam_account_password_policy",
      "name": "strict",
      "provider": "provider[\"registry.terraform.io/hashicorp/aws\"]",
      "instances": [
        {
          "schema_version": 0,
          "attributes": {
            "allow_users_to_change_password": true,
            "expire_passwords": false,
            "hard_expiry": false,
            "id": "iam-account-password-policy",
            "max_password_age": 0,
            "minimum_password_length": 8,
            "password_reuse_prevention": 0,
            "require_lowercase_characters": true,
            "require_numbers": true,
            "require_symbols": true,
            "require_uppercase_characters": true
          },
          "sensitive_attributes": [],
          "private": "bnVsbA=="
        }
      ]
    },
    {
      "mode": "managed",
      "type": "aws_iam_group",
      "name": "eks_developer",
      "provider": "provider[\"registry.terraform.io/hashicorp/aws\"]",
      "instances": [
        {
          "schema_version": 0,
          "attributes": {
            "arn": "arn:aws:iam::776602941589:group/Developer",
            "id": "Developer",
            "name": "Developer",
            "path": "/",
            "unique_id": "AGPA3JUJEPCKX277YXDYC"
          },
          "sensitive_attributes": [],
          "private": "bnVsbA=="
        }
      ]
    },
    {
      "mode": "managed",
      "type": "aws_iam_group_membership",
      "name": "db_team",
      "provider": "provider[\"registry.terraform.io/hashicorp/aws\"]",
      "instances": [
        {
          "schema_version": 0,
          "attributes": {
            "group": "Developer",
            "id": "dev-group-membership",
            "name": "dev-group-membership",
            "users": [
              "developer"
            ]
          },
          "sensitive_attributes": [],
          "private": "bnVsbA==",
          "dependencies": [
            "aws_iam_group.eks_developer",
            "aws_iam_user.eks_user"
          ]
        }
      ]
    },
    {
      "mode": "managed",
      "type": "aws_iam_group_policy",
      "name": "developer_policy",
      "provider": "provider[\"registry.terraform.io/hashicorp/aws\"]",
      "instances": [
        {
          "schema_version": 0,
          "attributes": {
            "group": "Developer",
            "id": "Developer:developer",
            "name": "developer",
            "name_prefix": null,
            "policy": "{\n  \"Version\": \"2012-10-17\",\n  \"Statement\": [\n    {\n      \"Sid\": \"AllowDeveloper\",\n      \"Effect\": \"Allow\",\n      \"Action\": [\n        \"eks:ListUpdates\",\n        \"eks:ListNodegroups\",\n        \"eks:ListFargateProfiles\",\n        \"eks:ListCLusters\",\n        \"eks:GetParameter\",\n        \"eks:DescribeNodegroup\",\n        \"eks:DescribeCluster\",\n        \"eks:AccessKubernetesApi\"\n      ],\n      \"Resource\": \"*\"\n    }\n  ]\n}"
          },
          "sensitive_attributes": [],
          "private": "bnVsbA==",
          "dependencies": [
            "aws_iam_group.eks_developer",
            "data.aws_iam_policy_document.developer"
          ]
        }
      ]
    },
    {
      "mode": "managed",
      "type": "aws_iam_policy",
      "name": "eks_admin",
      "provider": "provider[\"registry.terraform.io/hashicorp/aws\"]",
      "instances": [
        {
          "schema_version": 0,
          "attributes": {
            "arn": "arn:aws:iam::776602941589:policy/eks-admin",
            "description": "",
            "id": "arn:aws:iam::776602941589:policy/eks-admin",
            "name": "eks-admin",
            "name_prefix": null,
            "path": "/",
            "policy": "{\"Statement\":[{\"Action\":\"*\",\"Effect\":\"Allow\",\"Resource\":\"*\",\"Sid\":\"AllowAdmin\"},{\"Action\":\"iam:PassRole\",\"Condition\":{\"StringEquals\":{\"iam:PassedToService\":\"eks:amazonaws.com\"}},\"Effect\":\"Allow\",\"Resource\":\"*\",\"Sid\":\"AllowPassRole\"}],\"Version\":\"2012-10-17\"}",
            "policy_id": "ANPA3JUJEPCKVTP6EW4QC",
            "tags": {},
            "tags_all": {}
          },
          "sensitive_attributes": [],
          "private": "bnVsbA==",
          "dependencies": [
            "data.aws_iam_policy_document.admin"
          ]
        }
      ]
    },
    {
      "mode": "managed",
      "type": "aws_iam_role",
      "name": "managers",
      "provider": "provider[\"registry.terraform.io/hashicorp/aws\"]",
      "instances": [
        {
          "schema_version": 0,
          "attributes": {
            "arn": "arn:aws:iam::776602941589:role/Manager-eks-Role",
            "assume_role_policy": "{\"Version\":\"2012-10-17\",\"Statement\":[{\"Sid\":\"AllowManagerAssumeRole\",\"Effect\":\"Allow\",\"Principal\":{\"AWS\":\"arn:aws:iam::776602941589:user/manager\"},\"Action\":\"sts:AssumeRole\"}]}",
            "create_date": "2023-08-01T04:52:46Z",
            "description": "",
            "force_detach_policies": false,
            "id": "Manager-eks-Role",
            "inline_policy": [
              {
                "name": "",
                "policy": ""
              }
            ],
            "managed_policy_arns": [
              "arn:aws:iam::776602941589:policy/eks-admin"
            ],
            "max_session_duration": 3600,
            "name": "Manager-eks-Role",
            "name_prefix": "",
            "path": "/",
            "permissions_boundary": null,
            "tags": {},
            "tags_all": {},
            "unique_id": "AROA3JUJEPCKYONZV6CP5"
          },
          "sensitive_attributes": [],
          "private": "bnVsbA==",
          "dependencies": [
            "data.aws_caller_identity.current",
            "data.aws_iam_policy_document.manager_assume_role"
          ]
        }
      ]
    },
    {
      "mode": "managed",
      "type": "aws_iam_role_policy_attachment",
      "name": "admin_policy",
      "provider": "provider[\"registry.terraform.io/hashicorp/aws\"]",
      "instances": [
        {
          "schema_version": 0,
          "attributes": {
            "id": "Manager-eks-Role-20230801045247389300000001",
            "policy_arn": "arn:aws:iam::776602941589:policy/eks-admin",
            "role": "Manager-eks-Role"
          },
          "sensitive_attributes": [],
          "private": "bnVsbA==",
          "dependencies": [
            "aws_iam_policy.eks_admin",
            "aws_iam_role.managers",
            "data.aws_caller_identity.current",
            "data.aws_iam_policy_document.admin",
            "data.aws_iam_policy_document.manager_assume_role"
          ]
        }
      ]
    },
    {
      "mode": "managed",
      "type": "aws_iam_user",
      "name": "eks_user",
      "provider": "provider[\"registry.terraform.io/hashicorp/aws\"]",
      "instances": [
        {
          "index_key": 0,
          "schema_version": 0,
          "attributes": {
            "arn": "arn:aws:iam::776602941589:user/developer",
            "force_destroy": true,
            "id": "developer",
            "name": "developer",
            "path": "/",
            "permissions_boundary": null,
            "tags": {
              "Department": "eks-user"
            },
            "tags_all": {
              "Department": "eks-user"
            },
            "unique_id": "AIDA3JUJEPCK3A2DXOZLV"
          },
          "sensitive_attributes": [],
          "private": "bnVsbA=="
        },
        {
          "index_key": 1,
          "schema_version": 0,
          "attributes": {
            "arn": "arn:aws:iam::776602941589:user/manager",
            "force_destroy": true,
            "id": "manager",
            "name": "manager",
            "path": "/",
            "permissions_boundary": null,
            "tags": {
              "Department": "eks-user"
            },
            "tags_all": {
              "Department": "eks-user"
            },
            "unique_id": "AIDA3JUJEPCK6RCELZNTA"
          },
          "sensitive_attributes": [],
          "private": "bnVsbA=="
        }
      ]
    },
    {
      "mode": "managed",
      "type": "aws_iam_user_login_profile",
      "name": "DB_User",
      "provider": "provider[\"registry.terraform.io/hashicorp/aws\"]",
      "instances": [
        {
          "index_key": 0,
          "schema_version": 0,
          "attributes": {
            "encrypted_password": "wcFMA6mXp0l3mojbARAAgqQBqyYNs9d1XVE7tukeMGMPL6cLhg5V/SjAsVcm+GeJmO+TFlgeREIFXhTdsIC+6Yrs/nniOOd46Ve04PeDdI78LTePjLD70UTH3xiAlklg9W+kf3WQNGUaCjvZz8WOjg2AbHCDU44KwZJUn5mbe8RJai6r7A5x13BPsfrTpnrw0AiaRzFv4LqdLYifP4hME6+UvYZQcX/2dINSBawGp+02S/HanjO2Km1fEm/DvjbrGc8SU4xGBMSwAfKLTI+8A4S/pp0eHiTpy4GFla7gFak2+wCuhwtZSsA8e9G74abCoKFynhRMkZENVapAgtSxa+e8DbDU3dXQ/2nAn2j8vzO8vnPhjh86pT+HGBbjNTMXShijALEBhp3EOIIkbPcCrJ5EeiSMVcW0JwlNgtjaIecV+4g45keJMeMVJNu87clo5zD/pNnI+Iuwx3Gl37DFrml0b60vL50xrhqCuq9ZIiGzjD96jrxuByoN247dsQHRUfL2V5OOBiEWHBxiAwrIhvQWHT2Zg7Z5rL1mxDAy6aKz0lzMf+41qAWMz/CqayVvmjiCwYTMLjt/U82e/TiQEA0I1uzGB7Sk2UdkV61mQW/e24FMe/lRlG3ovqRPacyTHCHtjl7N7ypJT1na8OUXXKVlagIK/7+iAglVLhtckCCVC7DJ1nnc9pAHGs2te0zSRQF9BG8iwXLIgyruVUbuV9eumbjl9UJz3WAOHN9NO9Q6VIP968kQLogje8I5+lauj37tlPJU+fqgw+KrGkuc6k6SQOGVUA==",
            "id": "developer",
            "key_fingerprint": "30ec23e62f226aeda5589d538ce4ee6a485bd7d4",
            "password_length": 20,
            "password_reset_required": true,
            "pgp_key": "keybase:kenmak",
            "user": "developer"
          },
          "sensitive_attributes": [],
          "private": "bnVsbA==",
          "dependencies": [
            "aws_iam_user.eks_user"
          ]
        },
        {
          "index_key": 1,
          "schema_version": 0,
          "attributes": {
            "encrypted_password": "wcFMA6mXp0l3mojbAQ//fGNvzX4/1YPl131VK4XXowoecYPa8/y9KKnqqIGrAoEucNuU6fVZV6ggzUGcL6AMHvcLihPAujHDH5Jnukgsu8GI6bgH/eaqgosaIUB0V1ej1nI5wHo/VOfhYzI08m+7UCqxNYO8InB+BtKal6NjRFrzp30LXtuQF3NiDLBGLbk7XYbzX6Iy58PiGzScL5L3ydT7mDhW/vl8S2y7xhgyPg8bJ3ENcvmf38bHM8jBjZePNkbpUPZ82KfVUyXzGz+ABbBrSke3nNOyB5jalErBXGEHdKXOHrE4qrPLh+ABWfRCCvBhKAH8HAheDkRyY0OXyfJSmjRgRcgJW5vujqk+aiUXxntLniqBOTHw3vuneqEK7EoRJB8eOqRbL8aECKLbz2dFT8C7gooZtuTd/sl/vekrCyb1FR8Oh+YfpqCG/B8nLDxLwB+ZY7p5hv7t2CVXRWoYF6Gf/58FR2YLZRaGWbCYyzSA/jmSFbmojuU7lbH0CUXC27NtNknnrztLU16Xloz7hUH0ZXggpN7Rc/k4YYUOEKxBIvpwvHYRPN0k3Pgvn0bVDfBQEpnuR8Xlg4oDf7DQDnc8rzQ0c16NtfGLxM/o3lGPYFeJgPQ9jcIEwlS/Jpzo94jIX0qItpwJCpGSRLeg55EboxTDZ7gnviO76GG3URQ2yrPbNJAp3FE6GSrSRQEx+yfhK8eJl7Sti3BTymQ9FJnq9gJh2zsfwNkvW/t5LH3QczJZkBQpJmb8A7L5rVrPloM6cPSnBear2jpXgnd16+gUxg==",
            "id": "manager",
            "key_fingerprint": "30ec23e62f226aeda5589d538ce4ee6a485bd7d4",
            "password_length": 20,
            "password_reset_required": true,
            "pgp_key": "keybase:kenmak",
            "user": "manager"
          },
          "sensitive_attributes": [],
          "private": "bnVsbA==",
          "dependencies": [
            "aws_iam_user.eks_user"
          ]
        }
      ]
    }
  ],
  "check_results": null
}
